<?xml version="1.0" encoding="UTF-8" standalone="yes" ?>
<CodeBlocks_project_file>
	<FileVersion major="1" minor="6" />
	<Project>
		<Option title="RobotTest" />
		<Option pch_mode="2" />
		<Option compiler="gcc" />
		<Build>
			<Target title="Debug">
				<Option output="bin/Debug/RobotTest" prefix_auto="1" extension_auto="1" />
				<Option object_output="obj/Debug/" />
				<Option type="1" />
				<Option compiler="gcc" />
				<Compiler>
					<Add option="-g" />
					<Add directory="./" />
				</Compiler>
			</Target>
			<Target title="Release">
				<Option output="bin/Release/RobotTest" prefix_auto="1" extension_auto="1" />
				<Option object_output="obj/Release/" />
				<Option type="1" />
				<Option compiler="gcc" />
				<Compiler>
					<Add option="-O2" />
					<Add directory="./" />
				</Compiler>
				<Linker>
					<Add option="-s" />
				</Linker>
			</Target>
		</Build>
		<Compiler>
			<Add option="-Wall" />
			<Add option="-fexceptions" />
		</Compiler>
		<Unit filename="main.cpp" />
		<Unit filename="monde.cpp" />
		<Unit filename="monde.h" />
		<Unit filename="nettoyeurdistrait.cpp" />
		<Unit filename="nettoyeurdistrait.h" />
		<Unit filename="pollueursauteur.cpp" />
		<Unit filename="pollueursauteur.h" />
		<Unit filename="pollueurtoutdroit.cpp" />
		<Unit filename="pollueurtoutdroit.h" />
		<Unit filename="robot.cpp" />
		<Unit filename="robot.h" />
		<Unit filename="robotnettoyeur.cpp" />
		<Unit filename="robotnettoyeur.h" />
		<Unit filename="robotpollueur.cpp" />
		<Unit filename="robotpollueur.h" />
		<Extensions />
	</Project>
</CodeBlocks_project_file>
